Microsoft Visual Studio Solution File, Format Version 12.00
# Visual Studio 2012
Project("{FAE04EC0-301F-11D3-BF4B-00C04F79EFBC}") = "godot_mqtt_client_cs", "godot_mqtt_client_cs.csproj", "{149CC060-29BD-4AE4-B5E3-D7BBFFEC22FD}"
EndProject
Global
	GlobalSection(SolutionConfigurationPlatforms) = preSolution
	Debug|Any CPU = Debug|Any CPU
	ExportDebug|Any CPU = ExportDebug|Any CPU
	ExportRelease|Any CPU = ExportRelease|Any CPU
	EndGlobalSection
	GlobalSection(ProjectConfigurationPlatforms) = postSolution
		{149CC060-29BD-4AE4-B5E3-D7BBFFEC22FD}.Debug|Any CPU.ActiveCfg = Debug|Any CPU
		{149CC060-29BD-4AE4-B5E3-D7BBFFEC22FD}.Debug|Any CPU.Build.0 = Debug|Any CPU
		{149CC060-29BD-4AE4-B5E3-D7BBFFEC22FD}.ExportDebug|Any CPU.ActiveCfg = ExportDebug|Any CPU
		{149CC060-29BD-4AE4-B5E3-D7BBFFEC22FD}.ExportDebug|Any CPU.Build.0 = ExportDebug|Any CPU
		{149CC060-29BD-4AE4-B5E3-D7BBFFEC22FD}.ExportRelease|Any CPU.ActiveCfg = ExportRelease|Any CPU
		{149CC060-29BD-4AE4-B5E3-D7BBFFEC22FD}.ExportRelease|Any CPU.Build.0 = ExportRelease|Any CPU
	EndGlobalSection
EndGlobal
